{
  "name": "miniprogram",
  "version": "1.0.0",
  "lockfileVersion": 2,
  "requires": true,
  "packages": {
    "": {
      "name": "miniprogram",
      "version": "1.0.0",
      "license": "ISC",
      "dependencies": {
        "miniprogram-slide-view": "^0.0.4"
      }
    },
    "node_modules/miniprogram-slide-view": {
      "version": "0.0.4",
      "resolved": "https://registry.npmmirror.com/miniprogram-slide-view/-/miniprogram-slide-view-0.0.4.tgz",
      "integrity": "sha512-OGE9a13pM297+ZzcbGFuE8QDzVgX4hZ75nPGw9yPmdjLXRMZUvEE3NA+RnRe1mQ1AnJNcf5BLRnJkEMPucYoTw=="
    }
  },
  "dependencies": {
    "miniprogram-slide-view": {
      "version": "0.0.4",
      "resolved": "https://registry.npmmirror.com/miniprogram-slide-view/-/miniprogram-slide-view-0.0.4.tgz",
      "integrity": "sha512-OGE9a13pM297+ZzcbGFuE8QDzVgX4hZ75nPGw9yPmdjLXRMZUvEE3NA+RnRe1mQ1AnJNcf5BLRnJkEMPucYoTw=="
    }
  }
}
