{
  "name": "miniprogram",
  "version": "1.0.0",
  "lockfileVersion": 2,
  "requires": true,
  "packages": {
    "": {
      "name": "miniprogram",
      "version": "1.0.0",
      "license": "ISC",
      "dependencies": {
        "miniprogram-recycle-view": "^0.1.5",
        "miniprogram-slide-view": "^0.0.4",
        "wxml-to-canvas": "^1.1.1"
      }
    },
    "node_modules/eventemitter3": {
      "version": "4.0.7",
      "resolved": "https://registry.npmmirror.com/eventemitter3/-/eventemitter3-4.0.7.tgz",
      "integrity": "sha512-8guHBZCwKnFhYdHr2ysuRWErTwhoN2X8XELRlrRwpmfeY2jjuUN4taQMsULKUVo1K4DvZl+0pgfyoysHxvmvEw=="
    },
    "node_modules/miniprogram-recycle-view": {
      "version": "0.1.5",
      "resolved": "https://registry.npmmirror.com/miniprogram-recycle-view/-/miniprogram-recycle-view-0.1.5.tgz",
      "integrity": "sha512-Pfm/u+jfg+b5zDhjXqm7QbR9IuViqX8JyzcHDgr6Zw9wSK0wmbXNzscA1WoSnGP5Z2nG2TIqtiNXvEbvsyrxXA=="
    },
    "node_modules/miniprogram-slide-view": {
      "version": "0.0.4",
      "resolved": "https://registry.npmmirror.com/miniprogram-slide-view/-/miniprogram-slide-view-0.0.4.tgz",
      "integrity": "sha512-OGE9a13pM297+ZzcbGFuE8QDzVgX4hZ75nPGw9yPmdjLXRMZUvEE3NA+RnRe1mQ1AnJNcf5BLRnJkEMPucYoTw=="
    },
    "node_modules/widget-ui": {
      "version": "1.0.2",
      "resolved": "https://registry.npmmirror.com/widget-ui/-/widget-ui-1.0.2.tgz",
      "integrity": "sha512-gDXosr5mflJdMA1weU1A47aTsTFfMJhfA4EKgO5XFebY3eVklf80KD4GODfrjo8J2WQ+9YjL1Rd9UUmKIzhShw==",
      "dependencies": {
        "eventemitter3": "^4.0.0"
      }
    },
    "node_modules/wxml-to-canvas": {
      "version": "1.1.1",
      "resolved": "https://registry.npmmirror.com/wxml-to-canvas/-/wxml-to-canvas-1.1.1.tgz",
      "integrity": "sha512-3mDjHzujY/UgdCOXij/MnmwJYerVjwkyQHMBFBE8zh89DK7h7UTzoydWFqEBjIC0rfZM+AXl5kDh9hUcsNpSmg==",
      "dependencies": {
        "widget-ui": "^1.0.2"
      }
    }
  },
  "dependencies": {
    "eventemitter3": {
      "version": "4.0.7",
      "resolved": "https://registry.npmmirror.com/eventemitter3/-/eventemitter3-4.0.7.tgz",
      "integrity": "sha512-8guHBZCwKnFhYdHr2ysuRWErTwhoN2X8XELRlrRwpmfeY2jjuUN4taQMsULKUVo1K4DvZl+0pgfyoysHxvmvEw=="
    },
    "miniprogram-recycle-view": {
      "version": "0.1.5",
      "resolved": "https://registry.npmmirror.com/miniprogram-recycle-view/-/miniprogram-recycle-view-0.1.5.tgz",
      "integrity": "sha512-Pfm/u+jfg+b5zDhjXqm7QbR9IuViqX8JyzcHDgr6Zw9wSK0wmbXNzscA1WoSnGP5Z2nG2TIqtiNXvEbvsyrxXA=="
    },
    "miniprogram-slide-view": {
      "version": "0.0.4",
      "resolved": "https://registry.npmmirror.com/miniprogram-slide-view/-/miniprogram-slide-view-0.0.4.tgz",
      "integrity": "sha512-OGE9a13pM297+ZzcbGFuE8QDzVgX4hZ75nPGw9yPmdjLXRMZUvEE3NA+RnRe1mQ1AnJNcf5BLRnJkEMPucYoTw=="
    },
    "widget-ui": {
      "version": "1.0.2",
      "resolved": "https://registry.npmmirror.com/widget-ui/-/widget-ui-1.0.2.tgz",
      "integrity": "sha512-gDXosr5mflJdMA1weU1A47aTsTFfMJhfA4EKgO5XFebY3eVklf80KD4GODfrjo8J2WQ+9YjL1Rd9UUmKIzhShw==",
      "requires": {
        "eventemitter3": "^4.0.0"
      }
    },
    "wxml-to-canvas": {
      "version": "1.1.1",
      "resolved": "https://registry.npmmirror.com/wxml-to-canvas/-/wxml-to-canvas-1.1.1.tgz",
      "integrity": "sha512-3mDjHzujY/UgdCOXij/MnmwJYerVjwkyQHMBFBE8zh89DK7h7UTzoydWFqEBjIC0rfZM+AXl5kDh9hUcsNpSmg==",
      "requires": {
        "widget-ui": "^1.0.2"
      }
    }
  }
}
